
Microsoft Visual Studio Solution File, Format Version 12.00
Project("{FAE04EC0-301F-11D3-BF4B-00C04F79EFBC}") = "SchoolCalc3", "SchoolCalc3.csproj", "{C856E1B8-DCBA-424F-83B6-371C9635EAEF}"
EndProject
Global
	GlobalSection(SolutionConfigurationPlatforms) = preSolution
		Debug|Any CPU = Debug|Any CPU
		Release|Any CPU = Release|Any CPU
	EndGlobalSection
	GlobalSection(ProjectConfigurationPlatforms) = postSolution
		{C856E1B8-DCBA-424F-83B6-371C9635EAEF}.Debug|Any CPU.ActiveCfg = Debug|Any CPU
		{C856E1B8-DCBA-424F-83B6-371C9635EAEF}.Debug|Any CPU.Build.0 = Debug|Any CPU
		{C856E1B8-DCBA-424F-83B6-371C9635EAEF}.Release|Any CPU.ActiveCfg = Release|Any CPU
		{C856E1B8-DCBA-424F-83B6-371C9635EAEF}.Release|Any CPU.Build.0 = Release|Any CPU
	EndGlobalSection
EndGlobal
